
Microsoft Visual Studio Solution File, Format Version 12.00
# Visual Studio Version 16
VisualStudioVersion = 16.0.29509.3
MinimumVisualStudioVersion = 10.0.40219.1
Project("{FAE04EC0-301F-11D3-BF4B-00C04F79EFBC}") = "Book.DLL", "Book.DLL\Book.DLL.csproj", "{F20669D3-AEE1-4FD8-93F0-EFB12C0DF3F6}"
EndProject
Project("{FAE04EC0-301F-11D3-BF4B-00C04F79EFBC}") = "TestBookFormat", "TestBookFormat\TestBookFormat.csproj", "{B3298B56-BA5D-4BE6-863F-67C317CAD289}"
EndProject
Global
	GlobalSection(SolutionConfigurationPlatforms) = preSolution
		Debug|Any CPU = Debug|Any CPU
		Release|Any CPU = Release|Any CPU
	EndGlobalSection
	GlobalSection(ProjectConfigurationPlatforms) = postSolution
		{F20669D3-AEE1-4FD8-93F0-EFB12C0DF3F6}.Debug|Any CPU.ActiveCfg = Debug|Any CPU
		{F20669D3-AEE1-4FD8-93F0-EFB12C0DF3F6}.Debug|Any CPU.Build.0 = Debug|Any CPU
		{F20669D3-AEE1-4FD8-93F0-EFB12C0DF3F6}.Release|Any CPU.ActiveCfg = Release|Any CPU
		{F20669D3-AEE1-4FD8-93F0-EFB12C0DF3F6}.Release|Any CPU.Build.0 = Release|Any CPU
		{B3298B56-BA5D-4BE6-863F-67C317CAD289}.Debug|Any CPU.ActiveCfg = Debug|Any CPU
		{B3298B56-BA5D-4BE6-863F-67C317CAD289}.Debug|Any CPU.Build.0 = Debug|Any CPU
		{B3298B56-BA5D-4BE6-863F-67C317CAD289}.Release|Any CPU.ActiveCfg = Release|Any CPU
		{B3298B56-BA5D-4BE6-863F-67C317CAD289}.Release|Any CPU.Build.0 = Release|Any CPU
	EndGlobalSection
	GlobalSection(SolutionProperties) = preSolution
		HideSolutionNode = FALSE
	EndGlobalSection
	GlobalSection(ExtensibilityGlobals) = postSolution
		SolutionGuid = {1C5AE39F-13C0-4AB1-A1B3-C6C9A59F7579}
	EndGlobalSection
EndGlobal
